
Microsoft Visual Studio Solution File, Format Version 12.00
# Visual Studio Version 16
VisualStudioVersion = 16.0.29215.179
MinimumVisualStudioVersion = 10.0.40219.1
Project("{FAE04EC0-301F-11D3-BF4B-00C04F79EFBC}") = "AppG4", "AppG4\AppG4.csproj", "{52399FA2-16DC-4546-8FCB-28B939E7B931}"
EndProject
Global
	GlobalSection(SolutionConfigurationPlatforms) = preSolution
		Debug|Any CPU = Debug|Any CPU
		Release|Any CPU = Release|Any CPU
	EndGlobalSection
	GlobalSection(ProjectConfigurationPlatforms) = postSolution
		{52399FA2-16DC-4546-8FCB-28B939E7B931}.Debug|Any CPU.ActiveCfg = Debug|Any CPU
		{52399FA2-16DC-4546-8FCB-28B939E7B931}.Debug|Any CPU.Build.0 = Debug|Any CPU
		{52399FA2-16DC-4546-8FCB-28B939E7B931}.Release|Any CPU.ActiveCfg = Release|Any CPU
		{52399FA2-16DC-4546-8FCB-28B939E7B931}.Release|Any CPU.Build.0 = Release|Any CPU
	EndGlobalSection
	GlobalSection(SolutionProperties) = preSolution
		HideSolutionNode = FALSE
	EndGlobalSection
	GlobalSection(ExtensibilityGlobals) = postSolution
		SolutionGuid = {AEEC9F53-D488-44BA-8D2F-42419A6EA567}
	EndGlobalSection
EndGlobal
